
Microsoft Visual Studio Solution File, Format Version 12.00
# Visual Studio Version 17
VisualStudioVersion = 17.11.35118.90
MinimumVisualStudioVersion = 10.0.40219.1
Project("{FAE04EC0-301F-11D3-BF4B-00C04F79EFBC}") = "ConnectionWithDatabases", "ConnectionWithDatabases\ConnectionWithDatabases.csproj", "{349F7533-6425-40AE-83D3-A4C615503ACB}"
EndProject
Global
	GlobalSection(SolutionConfigurationPlatforms) = preSolution
		Debug|Any CPU = Debug|Any CPU
		Release|Any CPU = Release|Any CPU
	EndGlobalSection
	GlobalSection(ProjectConfigurationPlatforms) = postSolution
		{349F7533-6425-40AE-83D3-A4C615503ACB}.Debug|Any CPU.ActiveCfg = Debug|Any CPU
		{349F7533-6425-40AE-83D3-A4C615503ACB}.Debug|Any CPU.Build.0 = Debug|Any CPU
		{349F7533-6425-40AE-83D3-A4C615503ACB}.Release|Any CPU.ActiveCfg = Release|Any CPU
		{349F7533-6425-40AE-83D3-A4C615503ACB}.Release|Any CPU.Build.0 = Release|Any CPU
	EndGlobalSection
	GlobalSection(SolutionProperties) = preSolution
		HideSolutionNode = FALSE
	EndGlobalSection
	GlobalSection(ExtensibilityGlobals) = postSolution
		SolutionGuid = {D9DABEC4-C53F-407E-B779-E9AEAD440DB2}
	EndGlobalSection
EndGlobal
